
Microsoft Visual Studio Solution File, Format Version 12.00
# Visual Studio 2013
VisualStudioVersion = 12.0.31101.0
MinimumVisualStudioVersion = 10.0.40219.1
Project("{FAE04EC0-301F-11D3-BF4B-00C04F79EFBC}") = "Enums", "ConsoleApplication1\Enums.csproj", "{22819624-59D7-4E80-82F9-246DA5782BDF}"
EndProject
Global
	GlobalSection(SolutionConfigurationPlatforms) = preSolution
		Debug|Any CPU = Debug|Any CPU
		Release|Any CPU = Release|Any CPU
	EndGlobalSection
	GlobalSection(ProjectConfigurationPlatforms) = postSolution
		{22819624-59D7-4E80-82F9-246DA5782BDF}.Debug|Any CPU.ActiveCfg = Debug|Any CPU
		{22819624-59D7-4E80-82F9-246DA5782BDF}.Debug|Any CPU.Build.0 = Debug|Any CPU
		{22819624-59D7-4E80-82F9-246DA5782BDF}.Release|Any CPU.ActiveCfg = Release|Any CPU
		{22819624-59D7-4E80-82F9-246DA5782BDF}.Release|Any CPU.Build.0 = Release|Any CPU
	EndGlobalSection
	GlobalSection(SolutionProperties) = preSolution
		HideSolutionNode = FALSE
	EndGlobalSection
EndGlobal
